// !$*UTF8*$!
{
	archiveVersion = 1;
	classes = {
	};
	objectVersion = 56;
	objects = {

/* Begin PBXBuildFile section */
		096F62212B05286B005BA9D2 /* HeaderView.swift in Sources */ = {isa = PBXBuildFile; fileRef = 096F62202B05286B005BA9D2 /* HeaderView.swift */; };
		096F62232B052A91005BA9D2 /* FooterView.swift in Sources */ = {isa = PBXBuildFile; fileRef = 096F62222B052A91005BA9D2 /* FooterView.swift */; };
		096F62262B052C60005BA9D2 /* HeaderComponent.swift in Sources */ = {isa = PBXBuildFile; fileRef = 096F62252B052C60005BA9D2 /* HeaderComponent.swift */; };
		096F62282B052D1E005BA9D2 /* GuideComponent.swift in Sources */ = {isa = PBXBuildFile; fileRef = 096F62272B052D1E005BA9D2 /* GuideComponent.swift */; };
		096F622A2B052FDC005BA9D2 /* GuideView.swift in Sources */ = {isa = PBXBuildFile; fileRef = 096F62292B052FDC005BA9D2 /* GuideView.swift */; };
		096F622C2B054F74005BA9D2 /* InfoView.swift in Sources */ = {isa = PBXBuildFile; fileRef = 096F622B2B054F74005BA9D2 /* InfoView.swift */; };
		096F622E2B055047005BA9D2 /* TitleModifier.swift in Sources */ = {isa = PBXBuildFile; fileRef = 096F622D2B055047005BA9D2 /* TitleModifier.swift */; };
		096F62312B055218005BA9D2 /* ButtonModifier.swift in Sources */ = {isa = PBXBuildFile; fileRef = 096F62302B055218005BA9D2 /* ButtonModifier.swift */; };
		09A41D7E2B06CA83002466FE /* SymbolModifier.swift in Sources */ = {isa = PBXBuildFile; fileRef = 09A41D7D2B06CA83002466FE /* SymbolModifier.swift */; };
		09A41D812B06D0F9002466FE /* CardTransition.swift in Sources */ = {isa = PBXBuildFile; fileRef = 09A41D802B06D0F9002466FE /* CardTransition.swift */; };
		09A41D842B06D3F0002466FE /* PlaySound.swift in Sources */ = {isa = PBXBuildFile; fileRef = 09A41D832B06D3F0002466FE /* PlaySound.swift */; };
		09A41D872B06D8F8002466FE /* sound-click.mp3 in Resources */ = {isa = PBXBuildFile; fileRef = 09A41D852B06D8F8002466FE /* sound-click.mp3 */; };
		09A41D882B06D8F8002466FE /* sound-rise.mp3 in Resources */ = {isa = PBXBuildFile; fileRef = 09A41D862B06D8F8002466FE /* sound-rise.mp3 */; };
		09BA18D92B040EDF001F2C4B /* Honey_MoonApp.swift in Sources */ = {isa = PBXBuildFile; fileRef = 09BA18D82B040EDF001F2C4B /* Honey_MoonApp.swift */; };
		09BA18DB2B040EDF001F2C4B /* ContentView.swift in Sources */ = {isa = PBXBuildFile; fileRef = 09BA18DA2B040EDF001F2C4B /* ContentView.swift */; };
		09BA18DD2B040EE2001F2C4B /* Assets.xcassets in Resources */ = {isa = PBXBuildFile; fileRef = 09BA18DC2B040EE2001F2C4B /* Assets.xcassets */; };
		09BA18E02B040EE3001F2C4B /* Preview Assets.xcassets in Resources */ = {isa = PBXBuildFile; fileRef = 09BA18DF2B040EE3001F2C4B /* Preview Assets.xcassets */; };
		09BA18E92B04117F001F2C4B /* LaunchScreen.storyboard in Resources */ = {isa = PBXBuildFile; fileRef = 09BA18E82B04117F001F2C4B /* LaunchScreen.storyboard */; };
		09BA18ED2B0414C4001F2C4B /* HoneyMoonModel.swift in Sources */ = {isa = PBXBuildFile; fileRef = 09BA18EC2B0414C4001F2C4B /* HoneyMoonModel.swift */; };
		09BA18F02B041534001F2C4B /* HoneyMoonData.swift in Sources */ = {isa = PBXBuildFile; fileRef = 09BA18EF2B041534001F2C4B /* HoneyMoonData.swift */; };
		09BA18F32B0415CE001F2C4B /* CardView.swift in Sources */ = {isa = PBXBuildFile; fileRef = 09BA18F22B0415CE001F2C4B /* CardView.swift */; };
/* End PBXBuildFile section */

/* Begin PBXFileReference section */
		096F62202B05286B005BA9D2 /* HeaderView.swift */ = {isa = PBXFileReference; lastKnownFileType = sourcecode.swift; path = HeaderView.swift; sourceTree = "<group>"; };
		096F62222B052A91005BA9D2 /* FooterView.swift */ = {isa = PBXFileReference; lastKnownFileType = sourcecode.swift; path = FooterView.swift; sourceTree = "<group>"; };
		096F62252B052C60005BA9D2 /* HeaderComponent.swift */ = {isa = PBXFileReference; lastKnownFileType = sourcecode.swift; path = HeaderComponent.swift; sourceTree = "<group>"; };
		096F62272B052D1E005BA9D2 /* GuideComponent.swift */ = {isa = PBXFileReference; lastKnownFileType = sourcecode.swift; path = GuideComponent.swift; sourceTree = "<group>"; };
		096F62292B052FDC005BA9D2 /* GuideView.swift */ = {isa = PBXFileReference; lastKnownFileType = sourcecode.swift; path = GuideView.swift; sourceTree = "<group>"; };
		096F622B2B054F74005BA9D2 /* InfoView.swift */ = {isa = PBXFileReference; lastKnownFileType = sourcecode.swift; path = InfoView.swift; sourceTree = "<group>"; };
		096F622D2B055047005BA9D2 /* TitleModifier.swift */ = {isa = PBXFileReference; lastKnownFileType = sourcecode.swift; path = TitleModifier.swift; sourceTree = "<group>"; };
		096F62302B055218005BA9D2 /* ButtonModifier.swift */ = {isa = PBXFileReference; lastKnownFileType = sourcecode.swift; path = ButtonModifier.swift; sourceTree = "<group>"; };
		09A41D7D2B06CA83002466FE /* SymbolModifier.swift */ = {isa = PBXFileReference; lastKnownFileType = sourcecode.swift; path = SymbolModifier.swift; sourceTree = "<group>"; };
		09A41D802B06D0F9002466FE /* CardTransition.swift */ = {isa = PBXFileReference; lastKnownFileType = sourcecode.swift; path = CardTransition.swift; sourceTree = "<group>"; };
		09A41D832B06D3F0002466FE /* PlaySound.swift */ = {isa = PBXFileReference; lastKnownFileType = sourcecode.swift; path = PlaySound.swift; sourceTree = "<group>"; };
		09A41D852B06D8F8002466FE /* sound-click.mp3 */ = {isa = PBXFileReference; lastKnownFileType = audio.mp3; path = "sound-click.mp3"; sourceTree = "<group>"; };
		09A41D862B06D8F8002466FE /* sound-rise.mp3 */ = {isa = PBXFileReference; lastKnownFileType = audio.mp3; path = "sound-rise.mp3"; sourceTree = "<group>"; };
		09BA18D52B040EDF001F2C4B /* Honey Moon.app */ = {isa = PBXFileReference; explicitFileType = wrapper.application; includeInIndex = 0; path = "Honey Moon.app"; sourceTree = BUILT_PRODUCTS_DIR; };
		09BA18D82B040EDF001F2C4B /* Honey_MoonApp.swift */ = {isa = PBXFileReference; lastKnownFileType = sourcecode.swift; path = Honey_MoonApp.swift; sourceTree = "<group>"; };
		09BA18DA2B040EDF001F2C4B /* ContentView.swift */ = {isa = PBXFileReference; lastKnownFileType = sourcecode.swift; path = ContentView.swift; sourceTree = "<group>"; };
		09BA18DC2B040EE2001F2C4B /* Assets.xcassets */ = {isa = PBXFileReference; lastKnownFileType = folder.assetcatalog; path = Assets.xcassets; sourceTree = "<group>"; };
		09BA18DF2B040EE3001F2C4B /* Preview Assets.xcassets */ = {isa = PBXFileReference; lastKnownFileType = folder.assetcatalog; path = "Preview Assets.xcassets"; sourceTree = "<group>"; };
		09BA18E82B04117F001F2C4B /* LaunchScreen.storyboard */ = {isa = PBXFileReference; lastKnownFileType = file.storyboard; path = LaunchScreen.storyboard; sourceTree = "<group>"; };
		09BA18EC2B0414C4001F2C4B /* HoneyMoonModel.swift */ = {isa = PBXFileReference; lastKnownFileType = sourcecode.swift; path = HoneyMoonModel.swift; sourceTree = "<group>"; };
		09BA18EF2B041534001F2C4B /* HoneyMoonData.swift */ = {isa = PBXFileReference; lastKnownFileType = sourcecode.swift; path = HoneyMoonData.swift; sourceTree = "<group>"; };
		09BA18F22B0415CE001F2C4B /* CardView.swift */ = {isa = PBXFileReference; lastKnownFileType = sourcecode.swift; path = CardView.swift; sourceTree = "<group>"; };
/* End PBXFileReference section */

/* Begin PBXFrameworksBuildPhase section */
		09BA18D22B040EDF001F2C4B /* Frameworks */ = {
			isa = PBXFrameworksBuildPhase;
			buildActionMask = 2147483647;
			files = (
			);
			runOnlyForDeploymentPostprocessing = 0;
		};
/* End PBXFrameworksBuildPhase section */

/* Begin PBXGroup section */
		096F62242B052C30005BA9D2 /* Component */ = {
			isa = PBXGroup;
			children = (
				096F62252B052C60005BA9D2 /* HeaderComponent.swift */,
				096F62272B052D1E005BA9D2 /* GuideComponent.swift */,
			);
			path = Component;
			sourceTree = "<group>";
		};
		096F622F2B055075005BA9D2 /* Modifier */ = {
			isa = PBXGroup;
			children = (
				096F622D2B055047005BA9D2 /* TitleModifier.swift */,
				096F62302B055218005BA9D2 /* ButtonModifier.swift */,
				09A41D7D2B06CA83002466FE /* SymbolModifier.swift */,
			);
			path = Modifier;
			sourceTree = "<group>";
		};
		09A41D7F2B06D0C9002466FE /* Extension */ = {
			isa = PBXGroup;
			children = (
				09A41D802B06D0F9002466FE /* CardTransition.swift */,
			);
			path = Extension;
			sourceTree = "<group>";
		};
		09A41D822B06D3D4002466FE /* Helper */ = {
			isa = PBXGroup;
			children = (
				09A41D832B06D3F0002466FE /* PlaySound.swift */,
			);
			path = Helper;
			sourceTree = "<group>";
		};
		09A41D892B06D904002466FE /* Sound */ = {
			isa = PBXGroup;
			children = (
				09A41D852B06D8F8002466FE /* sound-click.mp3 */,
				09A41D862B06D8F8002466FE /* sound-rise.mp3 */,
			);
			path = Sound;
			sourceTree = "<group>";
		};
		09BA18CC2B040EDF001F2C4B = {
			isa = PBXGroup;
			children = (
				09BA18D72B040EDF001F2C4B /* Honey Moon */,
				09BA18D62B040EDF001F2C4B /* Products */,
			);
			sourceTree = "<group>";
		};
		09BA18D62B040EDF001F2C4B /* Products */ = {
			isa = PBXGroup;
			children = (
				09BA18D52B040EDF001F2C4B /* Honey Moon.app */,
			);
			name = Products;
			sourceTree = "<group>";
		};
		09BA18D72B040EDF001F2C4B /* Honey Moon */ = {
			isa = PBXGroup;
			children = (
				09A41D822B06D3D4002466FE /* Helper */,
				09A41D7F2B06D0C9002466FE /* Extension */,
				096F622F2B055075005BA9D2 /* Modifier */,
				096F62242B052C30005BA9D2 /* Component */,
				09BA18EA2B041471001F2C4B /* View */,
				09BA18F12B04153A001F2C4B /* Data */,
				09BA18EE2B0414DD001F2C4B /* Model */,
				09BA18D82B040EDF001F2C4B /* Honey_MoonApp.swift */,
				09BA18DC2B040EE2001F2C4B /* Assets.xcassets */,
				09BA18E82B04117F001F2C4B /* LaunchScreen.storyboard */,
				09A41D892B06D904002466FE /* Sound */,
				09BA18DE2B040EE3001F2C4B /* Preview Content */,
			);
			path = "Honey Moon";
			sourceTree = "<group>";
		};
		09BA18DE2B040EE3001F2C4B /* Preview Content */ = {
			isa = PBXGroup;
			children = (
				09BA18DF2B040EE3001F2C4B /* Preview Assets.xcassets */,
			);
			path = "Preview Content";
			sourceTree = "<group>";
		};
		09BA18EA2B041471001F2C4B /* View */ = {
			isa = PBXGroup;
			children = (
				09BA18DA2B040EDF001F2C4B /* ContentView.swift */,
				09BA18F22B0415CE001F2C4B /* CardView.swift */,
				096F62202B05286B005BA9D2 /* HeaderView.swift */,
				096F62222B052A91005BA9D2 /* FooterView.swift */,
				096F62292B052FDC005BA9D2 /* GuideView.swift */,
				096F622B2B054F74005BA9D2 /* InfoView.swift */,
			);
			path = View;
			sourceTree = "<group>";
		};
		09BA18EE2B0414DD001F2C4B /* Model */ = {
			isa = PBXGroup;
			children = (
				09BA18EC2B0414C4001F2C4B /* HoneyMoonModel.swift */,
			);
			path = Model;
			sourceTree = "<group>";
		};
		09BA18F12B04153A001F2C4B /* Data */ = {
			isa = PBXGroup;
			children = (
				09BA18EF2B041534001F2C4B /* HoneyMoonData.swift */,
			);
			path = Data;
			sourceTree = "<group>";
		};
/* End PBXGroup section */

/* Begin PBXNativeTarget section */
		09BA18D42B040EDF001F2C4B /* Honey Moon */ = {
			isa = PBXNativeTarget;
			buildConfigurationList = 09BA18E32B040EE3001F2C4B /* Build configuration list for PBXNativeTarget "Honey Moon" */;
			buildPhases = (
				09BA18D12B040EDF001F2C4B /* Sources */,
				09BA18D22B040EDF001F2C4B /* Frameworks */,
				09BA18D32B040EDF001F2C4B /* Resources */,
			);
			buildRules = (
			);
			dependencies = (
			);
			name = "Honey Moon";
			productName = "Honey Moon";
			productReference = 09BA18D52B040EDF001F2C4B /* Honey Moon.app */;
			productType = "com.apple.product-type.application";
		};
/* End PBXNativeTarget section */

/* Begin PBXProject section */
		09BA18CD2B040EDF001F2C4B /* Project object */ = {
			isa = PBXProject;
			attributes = {
				BuildIndependentTargetsInParallel = 1;
				LastSwiftUpdateCheck = 1420;
				LastUpgradeCheck = 1420;
				TargetAttributes = {
					09BA18D42B040EDF001F2C4B = {
						CreatedOnToolsVersion = 14.2;
					};
				};
			};
			buildConfigurationList = 09BA18D02B040EDF001F2C4B /* Build configuration list for PBXProject "Honey Moon" */;
			compatibilityVersion = "Xcode 14.0";
			developmentRegion = en;
			hasScannedForEncodings = 0;
			knownRegions = (
				en,
				Base,
			);
			mainGroup = 09BA18CC2B040EDF001F2C4B;
			productRefGroup = 09BA18D62B040EDF001F2C4B /* Products */;
			projectDirPath = "";
			projectRoot = "";
			targets = (
				09BA18D42B040EDF001F2C4B /* Honey Moon */,
			);
		};
/* End PBXProject section */

/* Begin PBXResourcesBuildPhase section */
		09BA18D32B040EDF001F2C4B /* Resources */ = {
			isa = PBXResourcesBuildPhase;
			buildActionMask = 2147483647;
			files = (
				09A41D882B06D8F8002466FE /* sound-rise.mp3 in Resources */,
				09BA18E92B04117F001F2C4B /* LaunchScreen.storyboard in Resources */,
				09A41D872B06D8F8002466FE /* sound-click.mp3 in Resources */,
				09BA18E02B040EE3001F2C4B /* Preview Assets.xcassets in Resources */,
				09BA18DD2B040EE2001F2C4B /* Assets.xcassets in Resources */,
			);
			runOnlyForDeploymentPostprocessing = 0;
		};
/* End PBXResourcesBuildPhase section */

/* Begin PBXSourcesBuildPhase section */
		09BA18D12B040EDF001F2C4B /* Sources */ = {
			isa = PBXSourcesBuildPhase;
			buildActionMask = 2147483647;
			files = (
				09BA18F02B041534001F2C4B /* HoneyMoonData.swift in Sources */,
				096F622C2B054F74005BA9D2 /* InfoView.swift in Sources */,
				096F62232B052A91005BA9D2 /* FooterView.swift in Sources */,
				096F622E2B055047005BA9D2 /* TitleModifier.swift in Sources */,
				09A41D812B06D0F9002466FE /* CardTransition.swift in Sources */,
				09A41D7E2B06CA83002466FE /* SymbolModifier.swift in Sources */,
				096F62212B05286B005BA9D2 /* HeaderView.swift in Sources */,
				09BA18DB2B040EDF001F2C4B /* ContentView.swift in Sources */,
				096F62312B055218005BA9D2 /* ButtonModifier.swift in Sources */,
				09A41D842B06D3F0002466FE /* PlaySound.swift in Sources */,
				096F62262B052C60005BA9D2 /* HeaderComponent.swift in Sources */,
				09BA18ED2B0414C4001F2C4B /* HoneyMoonModel.swift in Sources */,
				09BA18D92B040EDF001F2C4B /* Honey_MoonApp.swift in Sources */,
				09BA18F32B0415CE001F2C4B /* CardView.swift in Sources */,
				096F62282B052D1E005BA9D2 /* GuideComponent.swift in Sources */,
				096F622A2B052FDC005BA9D2 /* GuideView.swift in Sources */,
			);
			runOnlyForDeploymentPostprocessing = 0;
		};
/* End PBXSourcesBuildPhase section */

/* Begin XCBuildConfiguration section */
		09BA18E12B040EE3001F2C4B /* Debug */ = {
			isa = XCBuildConfiguration;
			buildSettings = {
				ALWAYS_SEARCH_USER_PATHS = NO;
				CLANG_ANALYZER_NONNULL = YES;
				CLANG_ANALYZER_NUMBER_OBJECT_CONVERSION = YES_AGGRESSIVE;
				CLANG_CXX_LANGUAGE_STANDARD = "gnu++20";
				CLANG_ENABLE_MODULES = YES;
				CLANG_ENABLE_OBJC_ARC = YES;
				CLANG_ENABLE_OBJC_WEAK = YES;
				CLANG_WARN_BLOCK_CAPTURE_AUTORELEASING = YES;
				CLANG_WARN_BOOL_CONVERSION = YES;
				CLANG_WARN_COMMA = YES;
				CLANG_WARN_CONSTANT_CONVERSION = YES;
				CLANG_WARN_DEPRECATED_OBJC_IMPLEMENTATIONS = YES;
				CLANG_WARN_DIRECT_OBJC_ISA_USAGE = YES_ERROR;
				CLANG_WARN_DOCUMENTATION_COMMENTS = YES;
				CLANG_WARN_EMPTY_BODY = YES;
				CLANG_WARN_ENUM_CONVERSION = YES;
				CLANG_WARN_INFINITE_RECURSION = YES;
				CLANG_WARN_INT_CONVERSION = YES;
				CLANG_WARN_NON_LITERAL_NULL_CONVERSION = YES;
				CLANG_WARN_OBJC_IMPLICIT_RETAIN_SELF = YES;
				CLANG_WARN_OBJC_LITERAL_CONVERSION = YES;
				CLANG_WARN_OBJC_ROOT_CLASS = YES_ERROR;
				CLANG_WARN_QUOTED_INCLUDE_IN_FRAMEWORK_HEADER = YES;
				CLANG_WARN_RANGE_LOOP_ANALYSIS = YES;
				CLANG_WARN_STRICT_PROTOTYPES = YES;
				CLANG_WARN_SUSPICIOUS_MOVE = YES;
				CLANG_WARN_UNGUARDED_AVAILABILITY = YES_AGGRESSIVE;
				CLANG_WARN_UNREACHABLE_CODE = YES;
				CLANG_WARN__DUPLICATE_METHOD_MATCH = YES;
				COPY_PHASE_STRIP = NO;
				DEBUG_INFORMATION_FORMAT = dwarf;
				ENABLE_STRICT_OBJC_MSGSEND = YES;
				ENABLE_TESTABILITY = YES;
				GCC_C_LANGUAGE_STANDARD = gnu11;
				GCC_DYNAMIC_NO_PIC = NO;
				GCC_NO_COMMON_BLOCKS = YES;
				GCC_OPTIMIZATION_LEVEL = 0;
				GCC_PREPROCESSOR_DEFINITIONS = (
					"DEBUG=1",
					"$(inherited)",
				);
				GCC_WARN_64_TO_32_BIT_CONVERSION = YES;
				GCC_WARN_ABOUT_RETURN_TYPE = YES_ERROR;
				GCC_WARN_UNDECLARED_SELECTOR = YES;
				GCC_WARN_UNINITIALIZED_AUTOS = YES_AGGRESSIVE;
				GCC_WARN_UNUSED_FUNCTION = YES;
				GCC_WARN_UNUSED_VARIABLE = YES;
				IPHONEOS_DEPLOYMENT_TARGET = 16.2;
				MTL_ENABLE_DEBUG_INFO = INCLUDE_SOURCE;
				MTL_FAST_MATH = YES;
				ONLY_ACTIVE_ARCH = YES;
				SDKROOT = iphoneos;
				SWIFT_ACTIVE_COMPILATION_CONDITIONS = DEBUG;
				SWIFT_OPTIMIZATION_LEVEL = "-Onone";
			};
			name = Debug;
		};
		09BA18E22B040EE3001F2C4B /* Release */ = {
			isa = XCBuildConfiguration;
			buildSettings = {
				ALWAYS_SEARCH_USER_PATHS = NO;
				CLANG_ANALYZER_NONNULL = YES;
				CLANG_ANALYZER_NUMBER_OBJECT_CONVERSION = YES_AGGRESSIVE;
				CLANG_CXX_LANGUAGE_STANDARD = "gnu++20";
				CLANG_ENABLE_MODULES = YES;
				CLANG_ENABLE_OBJC_ARC = YES;
				CLANG_ENABLE_OBJC_WEAK = YES;
				CLANG_WARN_BLOCK_CAPTURE_AUTORELEASING = YES;
				CLANG_WARN_BOOL_CONVERSION = YES;
				CLANG_WARN_COMMA = YES;
				CLANG_WARN_CONSTANT_CONVERSION = YES;
				CLANG_WARN_DEPRECATED_OBJC_IMPLEMENTATIONS = YES;
				CLANG_WARN_DIRECT_OBJC_ISA_USAGE = YES_ERROR;
				CLANG_WARN_DOCUMENTATION_COMMENTS = YES;
				CLANG_WARN_EMPTY_BODY = YES;
				CLANG_WARN_ENUM_CONVERSION = YES;
				CLANG_WARN_INFINITE_RECURSION = YES;
				CLANG_WARN_INT_CONVERSION = YES;
				CLANG_WARN_NON_LITERAL_NULL_CONVERSION = YES;
				CLANG_WARN_OBJC_IMPLICIT_RETAIN_SELF = YES;
				CLANG_WARN_OBJC_LITERAL_CONVERSION = YES;
				CLANG_WARN_OBJC_ROOT_CLASS = YES_ERROR;
				CLANG_WARN_QUOTED_INCLUDE_IN_FRAMEWORK_HEADER = YES;
				CLANG_WARN_RANGE_LOOP_ANALYSIS = YES;
				CLANG_WARN_STRICT_PROTOTYPES = YES;
				CLANG_WARN_SUSPICIOUS_MOVE = YES;
				CLANG_WARN_UNGUARDED_AVAILABILITY = YES_AGGRESSIVE;
				CLANG_WARN_UNREACHABLE_CODE = YES;
				CLANG_WARN__DUPLICATE_METHOD_MATCH = YES;
				COPY_PHASE_STRIP = NO;
				DEBUG_INFORMATION_FORMAT = "dwarf-with-dsym";
				ENABLE_NS_ASSERTIONS = NO;
				ENABLE_STRICT_OBJC_MSGSEND = YES;
				GCC_C_LANGUAGE_STANDARD = gnu11;
				GCC_NO_COMMON_BLOCKS = YES;
				GCC_WARN_64_TO_32_BIT_CONVERSION = YES;
				GCC_WARN_ABOUT_RETURN_TYPE = YES_ERROR;
				GCC_WARN_UNDECLARED_SELECTOR = YES;
				GCC_WARN_UNINITIALIZED_AUTOS = YES_AGGRESSIVE;
				GCC_WARN_UNUSED_FUNCTION = YES;
				GCC_WARN_UNUSED_VARIABLE = YES;
				IPHONEOS_DEPLOYMENT_TARGET = 16.2;
				MTL_ENABLE_DEBUG_INFO = NO;
				MTL_FAST_MATH = YES;
				SDKROOT = iphoneos;
				SWIFT_COMPILATION_MODE = wholemodule;
				SWIFT_OPTIMIZATION_LEVEL = "-O";
				VALIDATE_PRODUCT = YES;
			};
			name = Release;
		};
		09BA18E42B040EE3001F2C4B /* Debug */ = {
			isa = XCBuildConfiguration;
			buildSettings = {
				ASSETCATALOG_COMPILER_APPICON_NAME = AppIcon;
				ASSETCATALOG_COMPILER_GLOBAL_ACCENT_COLOR_NAME = AccentColor;
				CODE_SIGN_STYLE = Automatic;
				CURRENT_PROJECT_VERSION = 1;
				DEVELOPMENT_ASSET_PATHS = "\"Honey Moon/Preview Content\"";
				DEVELOPMENT_TEAM = 5WR73Q6863;
				ENABLE_PREVIEWS = YES;
				GENERATE_INFOPLIST_FILE = YES;
				INFOPLIST_KEY_UIApplicationSceneManifest_Generation = YES;
				INFOPLIST_KEY_UIApplicationSupportsIndirectInputEvents = YES;
				INFOPLIST_KEY_UILaunchScreen_Generation = YES;
				INFOPLIST_KEY_UILaunchStoryboardName = LaunchScreen.storyboard;
				INFOPLIST_KEY_UISupportedInterfaceOrientations = UIInterfaceOrientationPortrait;
				LD_RUNPATH_SEARCH_PATHS = (
					"$(inherited)",
					"@executable_path/Frameworks",
				);
				MARKETING_VERSION = 1.0;
				PRODUCT_BUNDLE_IDENTIFIER = "com.adriancysvillegas.Honey-Moon";
				PRODUCT_NAME = "$(TARGET_NAME)";
				SWIFT_EMIT_LOC_STRINGS = YES;
				SWIFT_VERSION = 5.0;
				TARGETED_DEVICE_FAMILY = "1,2";
			};
			name = Debug;
		};
		09BA18E52B040EE3001F2C4B /* Release */ = {
			isa = XCBuildConfiguration;
			buildSettings = {
				ASSETCATALOG_COMPILER_APPICON_NAME = AppIcon;
				ASSETCATALOG_COMPILER_GLOBAL_ACCENT_COLOR_NAME = AccentColor;
				CODE_SIGN_STYLE = Automatic;
				CURRENT_PROJECT_VERSION = 1;
				DEVELOPMENT_ASSET_PATHS = "\"Honey Moon/Preview Content\"";
				DEVELOPMENT_TEAM = 5WR73Q6863;
				ENABLE_PREVIEWS = YES;
				GENERATE_INFOPLIST_FILE = YES;
				INFOPLIST_KEY_UIApplicationSceneManifest_Generation = YES;
				INFOPLIST_KEY_UIApplicationSupportsIndirectInputEvents = YES;
				INFOPLIST_KEY_UILaunchScreen_Generation = YES;
				INFOPLIST_KEY_UILaunchStoryboardName = LaunchScreen.storyboard;
				INFOPLIST_KEY_UISupportedInterfaceOrientations = UIInterfaceOrientationPortrait;
				LD_RUNPATH_SEARCH_PATHS = (
					"$(inherited)",
					"@executable_path/Frameworks",
				);
				MARKETING_VERSION = 1.0;
				PRODUCT_BUNDLE_IDENTIFIER = "com.adriancysvillegas.Honey-Moon";
				PRODUCT_NAME = "$(TARGET_NAME)";
				SWIFT_EMIT_LOC_STRINGS = YES;
				SWIFT_VERSION = 5.0;
				TARGETED_DEVICE_FAMILY = "1,2";
			};
			name = Release;
		};
/* End XCBuildConfiguration section */

/* Begin XCConfigurationList section */
		09BA18D02B040EDF001F2C4B /* Build configuration list for PBXProject "Honey Moon" */ = {
			isa = XCConfigurationList;
			buildConfigurations = (
				09BA18E12B040EE3001F2C4B /* Debug */,
				09BA18E22B040EE3001F2C4B /* Release */,
			);
			defaultConfigurationIsVisible = 0;
			defaultConfigurationName = Release;
		};
		09BA18E32B040EE3001F2C4B /* Build configuration list for PBXNativeTarget "Honey Moon" */ = {
			isa = XCConfigurationList;
			buildConfigurations = (
				09BA18E42B040EE3001F2C4B /* Debug */,
				09BA18E52B040EE3001F2C4B /* Release */,
			);
			defaultConfigurationIsVisible = 0;
			defaultConfigurationName = Release;
		};
/* End XCConfigurationList section */
	};
	rootObject = 09BA18CD2B040EDF001F2C4B /* Project object */;
}
